
Microsoft Visual Studio Solution File, Format Version 12.00
# Visual Studio Version 16
VisualStudioVersion = 16.0.30204.135
MinimumVisualStudioVersion = 10.0.40219.1
Project("{888888A0-9F3D-457C-B088-3A5042F75D52}") = "HousePrice", "HousePrice\HousePrice.pyproj", "{E8A58E49-6452-47DB-A055-D746C0F316E1}"
EndProject
Global
	GlobalSection(SolutionConfigurationPlatforms) = preSolution
		Debug|Any CPU = Debug|Any CPU
		Release|Any CPU = Release|Any CPU
	EndGlobalSection
	GlobalSection(ProjectConfigurationPlatforms) = postSolution
		{E8A58E49-6452-47DB-A055-D746C0F316E1}.Debug|Any CPU.ActiveCfg = Debug|Any CPU
		{E8A58E49-6452-47DB-A055-D746C0F316E1}.Release|Any CPU.ActiveCfg = Release|Any CPU
	EndGlobalSection
	GlobalSection(SolutionProperties) = preSolution
		HideSolutionNode = FALSE
	EndGlobalSection
	GlobalSection(ExtensibilityGlobals) = postSolution
		SolutionGuid = {B4B87031-4948-453D-A5E6-15EA4D59C992}
	EndGlobalSection
EndGlobal
